
Microsoft Visual Studio Solution File, Format Version 12.00
# Visual Studio Version 16
VisualStudioVersion = 16.0.30011.22
MinimumVisualStudioVersion = 10.0.40219.1
Project("{FAE04EC0-301F-11D3-BF4B-00C04F79EFBC}") = "Softvision.UnitTestUnderTDD", "Softvision.UnitTestUnderTDD\Softvision.UnitTestUnderTDD.csproj", "{A78325B2-1AE5-412B-9CA1-0CCC20D22036}"
EndProject
Project("{FAE04EC0-301F-11D3-BF4B-00C04F79EFBC}") = "Softvision.UnitTestUnderTDD.UnitTest", "Softvision.UnitTestUnderTDD.UnitTest\Softvision.UnitTestUnderTDD.UnitTest.csproj", "{34DB750D-95F6-4A5F-ADB4-B135E2EF812E}"
EndProject
Project("{2150E333-8FDC-42A3-9474-1A3956D46DE8}") = "docs", "docs", "{C82D8CA1-A914-4609-97F2-94E85AEF610D}"
	ProjectSection(SolutionItems) = preProject
		Guideline.txt = Guideline.txt
		Requirements.txt = Requirements.txt
	EndProjectSection
EndProject
Global
	GlobalSection(SolutionConfigurationPlatforms) = preSolution
		Debug|Any CPU = Debug|Any CPU
		Release|Any CPU = Release|Any CPU
	EndGlobalSection
	GlobalSection(ProjectConfigurationPlatforms) = postSolution
		{A78325B2-1AE5-412B-9CA1-0CCC20D22036}.Debug|Any CPU.ActiveCfg = Debug|Any CPU
		{A78325B2-1AE5-412B-9CA1-0CCC20D22036}.Debug|Any CPU.Build.0 = Debug|Any CPU
		{A78325B2-1AE5-412B-9CA1-0CCC20D22036}.Release|Any CPU.ActiveCfg = Release|Any CPU
		{A78325B2-1AE5-412B-9CA1-0CCC20D22036}.Release|Any CPU.Build.0 = Release|Any CPU
		{34DB750D-95F6-4A5F-ADB4-B135E2EF812E}.Debug|Any CPU.ActiveCfg = Debug|Any CPU
		{34DB750D-95F6-4A5F-ADB4-B135E2EF812E}.Debug|Any CPU.Build.0 = Debug|Any CPU
		{34DB750D-95F6-4A5F-ADB4-B135E2EF812E}.Release|Any CPU.ActiveCfg = Release|Any CPU
		{34DB750D-95F6-4A5F-ADB4-B135E2EF812E}.Release|Any CPU.Build.0 = Release|Any CPU
	EndGlobalSection
	GlobalSection(SolutionProperties) = preSolution
		HideSolutionNode = FALSE
	EndGlobalSection
	GlobalSection(ExtensibilityGlobals) = postSolution
		SolutionGuid = {DF5E60F2-1548-46E5-9B1F-50EB93BB74B7}
	EndGlobalSection
EndGlobal
